<?xml version="1.0" encoding="utf-8"?>
<Project ToolsVersion="18.0" xmlns="http://schemas.microsoft.com/developer/msbuild/2003">
  <ItemGroup>
    <CustomBuild Include="C:\Users\balav\.gemini\antigravity\scratch\sketchlog\build-cmake\CMakeFiles\4e157dd2b227c0942ff70ba974abe5dd\generate.stamp.rule">
      <Filter>CMake Rules</Filter>
    </CustomBuild>
  </ItemGroup>
  <ItemGroup>
    <Filter Include="CMake Rules">
      <UniqueIdentifier>{DFD55260-5159-3068-9594-E5F52F9F3DE2}</UniqueIdentifier>
    </Filter>
  </ItemGroup>
</Project>
