<?xml version="1.0" encoding="utf-8"?>
<Project ToolsVersion="18.0" xmlns="http://schemas.microsoft.com/developer/msbuild/2003">
  <ItemGroup>
    <ClCompile Include="C:\Users\balav\.gemini\antigravity\scratch\sketchlog\src\sketchlog.cpp">
      <Filter>Source Files</Filter>
    </ClCompile>
  </ItemGroup>
  <ItemGroup>
    <CustomBuild Include="C:\Users\balav\.gemini\antigravity\scratch\sketchlog\CMakeLists.txt" />
  </ItemGroup>
  <ItemGroup>
    <Filter Include="Source Files">
      <UniqueIdentifier>{4F3349BC-BDC9-313C-A6AC-32373865F69F}</UniqueIdentifier>
    </Filter>
  </ItemGroup>
</Project>
